
Microsoft Visual Studio Solution File, Format Version 12.00
# Visual Studio 15
VisualStudioVersion = 15.0.28307.421
MinimumVisualStudioVersion = 10.0.40219.1
Project("{FAE04EC0-301F-11D3-BF4B-00C04F79EFBC}") = "TianLiProblem", "TianLiProblem\TianLiProblem.csproj", "{B8455D8C-4291-4A34-A875-5EC08B110DC3}"
EndProject
Global
	GlobalSection(SolutionConfigurationPlatforms) = preSolution
		Debug|Any CPU = Debug|Any CPU
		Release|Any CPU = Release|Any CPU
	EndGlobalSection
	GlobalSection(ProjectConfigurationPlatforms) = postSolution
		{B8455D8C-4291-4A34-A875-5EC08B110DC3}.Debug|Any CPU.ActiveCfg = Debug|Any CPU
		{B8455D8C-4291-4A34-A875-5EC08B110DC3}.Debug|Any CPU.Build.0 = Debug|Any CPU
		{B8455D8C-4291-4A34-A875-5EC08B110DC3}.Release|Any CPU.ActiveCfg = Release|Any CPU
		{B8455D8C-4291-4A34-A875-5EC08B110DC3}.Release|Any CPU.Build.0 = Release|Any CPU
	EndGlobalSection
	GlobalSection(SolutionProperties) = preSolution
		HideSolutionNode = FALSE
	EndGlobalSection
	GlobalSection(ExtensibilityGlobals) = postSolution
		SolutionGuid = {D43D942E-FF82-4663-A934-8878A3970DFA}
	EndGlobalSection
EndGlobal
